
Microsoft Visual Studio Solution File, Format Version 12.00
# Visual Studio Version 17
VisualStudioVersion = 17.8.34525.116
MinimumVisualStudioVersion = 10.0.40219.1
Project("{8BC9CEB8-8B4A-11D0-8D11-00A0C91BC942}") = "Project1", "Project1\Project1.vcxproj", "{61D89754-113B-4E0B-9313-C9AF95B712F9}"
EndProject
Project("{8BC9CEB8-8B4A-11D0-8D11-00A0C91BC942}") = "Project2", "Project2\Project2.vcxproj", "{C6E2E2FA-5FAF-4538-92A2-62BC89E28F85}"
EndProject
Project("{8BC9CEB8-8B4A-11D0-8D11-00A0C91BC942}") = "Project3", "Project3\Project3.vcxproj", "{77C615B4-EB6F-4395-ADC7-FFDB98155A68}"
EndProject
Project("{8BC9CEB8-8B4A-11D0-8D11-00A0C91BC942}") = "Project4", "Project4\Project4.vcxproj", "{D5AF1E0D-A6D0-42A1-B24F-22E7BFFBFAFB}"
EndProject
Project("{8BC9CEB8-8B4A-11D0-8D11-00A0C91BC942}") = "RGB_street", "RGB_street\RGB_street.vcxproj", "{BDC41858-7A59-47F9-9534-AA8B186E2B3A}"
EndProject
Project("{8BC9CEB8-8B4A-11D0-8D11-00A0C91BC942}") = "int_triangle", "Project5\Project5.vcxproj", "{B7CD73FB-D665-4387-9CEF-5D267F6490CA}"
EndProject
Project("{8BC9CEB8-8B4A-11D0-8D11-00A0C91BC942}") = "DFS_BFS", "DFS_BFS\DFS_BFS.vcxproj", "{366AF13D-5892-46CE-8D05-1973ADDDD90E}"
EndProject
Project("{8BC9CEB8-8B4A-11D0-8D11-00A0C91BC942}") = "apartment", "apartment\apartment.vcxproj", "{51B0B0D0-24C1-499C-A7D9-D80C76F54A86}"
EndProject
Project("{8BC9CEB8-8B4A-11D0-8D11-00A0C91BC942}") = "CatchThatCow", "CatchThatCow\CatchThatCow.vcxproj", "{2ECD74E1-601A-4110-8B82-9A0E789C53D0}"
EndProject
Project("{8BC9CEB8-8B4A-11D0-8D11-00A0C91BC942}") = "01tile", "01tile\01tile.vcxproj", "{B05F55B1-5094-4E64-ACB7-83CF5FAEAB7F}"
EndProject
Project("{8BC9CEB8-8B4A-11D0-8D11-00A0C91BC942}") = "coin1", "coin1\coin1.vcxproj", "{F5618EF8-8810-4C81-812B-620ABF324FBB}"
EndProject
Project("{8BC9CEB8-8B4A-11D0-8D11-00A0C91BC942}") = "ascending_number", "ascending_number\ascending_number.vcxproj", "{A505F298-72A7-452F-9313-1373C9FC92DB}"
EndProject
Project("{8BC9CEB8-8B4A-11D0-8D11-00A0C91BC942}") = "purchase_card", "purchase_card\purchase_card.vcxproj", "{ACD9935B-DB3A-487A-B727-63440B95BF07}"
EndProject
Project("{8BC9CEB8-8B4A-11D0-8D11-00A0C91BC942}") = "sum_decomposition", "sum_decomposition\sum_decomposition.vcxproj", "{44FAD878-0B21-4E3F-A9A0-A8338596E1EB}"
EndProject
Project("{8BC9CEB8-8B4A-11D0-8D11-00A0C91BC942}") = "zoo", "zoo\zoo.vcxproj", "{6181E1F8-858D-48D2-8FB2-56E7F05D0F63}"
EndProject
Project("{8BC9CEB8-8B4A-11D0-8D11-00A0C91BC942}") = "2007year", "2007year\2007year.vcxproj", "{338672E4-6E99-4FE9-98F4-3EDE343E6B77}"
EndProject
Project("{8BC9CEB8-8B4A-11D0-8D11-00A0C91BC942}") = "N_M", "N_M\N_M.vcxproj", "{8866C31D-958A-44E8-887C-41CFDAFF81D2}"
EndProject
Project("{8BC9CEB8-8B4A-11D0-8D11-00A0C91BC942}") = "N-Queen", "N-Queen\N-Queen.vcxproj", "{A44DF3EE-28E1-47E1-AFAC-480430D17B4F}"
EndProject
Project("{8BC9CEB8-8B4A-11D0-8D11-00A0C91BC942}") = "N_M2", "N_M2\N_M2.vcxproj", "{890B4F4F-0E79-4CBC-A106-DB89AFF4CD08}"
EndProject
Project("{8BC9CEB8-8B4A-11D0-8D11-00A0C91BC942}") = "N_M3", "N_M3\N_M3.vcxproj", "{4FAA1305-520D-47E8-829E-009C7796860C}"
EndProject
Project("{8BC9CEB8-8B4A-11D0-8D11-00A0C91BC942}") = "N_M4", "N_M4\N_M4.vcxproj", "{7ECDE33B-7136-4A65-9125-944AA61C95FB}"
EndProject
Project("{8BC9CEB8-8B4A-11D0-8D11-00A0C91BC942}") = "OXquiz", "OXquiz\OXquiz.vcxproj", "{CFB6E114-BC44-44CE-AC5A-EAA62F74BF0C}"
EndProject
Project("{8BC9CEB8-8B4A-11D0-8D11-00A0C91BC942}") = "FunctionRunFun", "FunctionRunFun\FunctionRunFun.vcxproj", "{CBD7BFD7-EA0B-4A8D-94B9-E3E2FE80E41A}"
EndProject
Project("{8BC9CEB8-8B4A-11D0-8D11-00A0C91BC942}") = "PadovanSequence", "PadovanSequence\PadovanSequence.vcxproj", "{03717129-32B0-4B29-9108-0B623FCB6D6E}"
EndProject
Project("{8BC9CEB8-8B4A-11D0-8D11-00A0C91BC942}") = "easy_stair_num", "easy_stair_num\easy_stair_num.vcxproj", "{7D9E7A13-2E98-49CD-8BF9-EA4450A61CE8}"
EndProject
Project("{8BC9CEB8-8B4A-11D0-8D11-00A0C91BC942}") = "number_card", "number_card\number_card.vcxproj", "{031BCA62-616A-4627-8EC4-CF9961334626}"
EndProject
Project("{8BC9CEB8-8B4A-11D0-8D11-00A0C91BC942}") = "find_num", "find_num\find_num.vcxproj", "{8EFAF136-4E2F-4BDD-AC47-788B509B37B8}"
EndProject
Project("{8BC9CEB8-8B4A-11D0-8D11-00A0C91BC942}") = "organic_cabbage", "organic_cabbage\organic_cabbage.vcxproj", "{802AE4F5-BCC3-41D6-AC9C-2C3168FFD943}"
EndProject
Project("{8BC9CEB8-8B4A-11D0-8D11-00A0C91BC942}") = "ascending_subsequence", "ascending_subsequence\ascending_subsequence.vcxproj", "{28DE0C29-4D94-4439-9197-6C79FBAD4569}"
EndProject
Global
	GlobalSection(SolutionConfigurationPlatforms) = preSolution
		Debug|x64 = Debug|x64
		Debug|x86 = Debug|x86
		Release|x64 = Release|x64
		Release|x86 = Release|x86
	EndGlobalSection
	GlobalSection(ProjectConfigurationPlatforms) = postSolution
		{61D89754-113B-4E0B-9313-C9AF95B712F9}.Debug|x64.ActiveCfg = Debug|x64
		{61D89754-113B-4E0B-9313-C9AF95B712F9}.Debug|x64.Build.0 = Debug|x64
		{61D89754-113B-4E0B-9313-C9AF95B712F9}.Debug|x86.ActiveCfg = Debug|Win32
		{61D89754-113B-4E0B-9313-C9AF95B712F9}.Debug|x86.Build.0 = Debug|Win32
		{61D89754-113B-4E0B-9313-C9AF95B712F9}.Release|x64.ActiveCfg = Release|x64
		{61D89754-113B-4E0B-9313-C9AF95B712F9}.Release|x64.Build.0 = Release|x64
		{61D89754-113B-4E0B-9313-C9AF95B712F9}.Release|x86.ActiveCfg = Release|Win32
		{61D89754-113B-4E0B-9313-C9AF95B712F9}.Release|x86.Build.0 = Release|Win32
		{C6E2E2FA-5FAF-4538-92A2-62BC89E28F85}.Debug|x64.ActiveCfg = Debug|x64
		{C6E2E2FA-5FAF-4538-92A2-62BC89E28F85}.Debug|x64.Build.0 = Debug|x64
		{C6E2E2FA-5FAF-4538-92A2-62BC89E28F85}.Debug|x86.ActiveCfg = Debug|Win32
		{C6E2E2FA-5FAF-4538-92A2-62BC89E28F85}.Debug|x86.Build.0 = Debug|Win32
		{C6E2E2FA-5FAF-4538-92A2-62BC89E28F85}.Release|x64.ActiveCfg = Release|x64
		{C6E2E2FA-5FAF-4538-92A2-62BC89E28F85}.Release|x64.Build.0 = Release|x64
		{C6E2E2FA-5FAF-4538-92A2-62BC89E28F85}.Release|x86.ActiveCfg = Release|Win32
		{C6E2E2FA-5FAF-4538-92A2-62BC89E28F85}.Release|x86.Build.0 = Release|Win32
		{77C615B4-EB6F-4395-ADC7-FFDB98155A68}.Debug|x64.ActiveCfg = Debug|x64
		{77C615B4-EB6F-4395-ADC7-FFDB98155A68}.Debug|x64.Build.0 = Debug|x64
		{77C615B4-EB6F-4395-ADC7-FFDB98155A68}.Debug|x86.ActiveCfg = Debug|Win32
		{77C615B4-EB6F-4395-ADC7-FFDB98155A68}.Debug|x86.Build.0 = Debug|Win32
		{77C615B4-EB6F-4395-ADC7-FFDB98155A68}.Release|x64.ActiveCfg = Release|x64
		{77C615B4-EB6F-4395-ADC7-FFDB98155A68}.Release|x64.Build.0 = Release|x64
		{77C615B4-EB6F-4395-ADC7-FFDB98155A68}.Release|x86.ActiveCfg = Release|Win32
		{77C615B4-EB6F-4395-ADC7-FFDB98155A68}.Release|x86.Build.0 = Release|Win32
		{D5AF1E0D-A6D0-42A1-B24F-22E7BFFBFAFB}.Debug|x64.ActiveCfg = Debug|x64
		{D5AF1E0D-A6D0-42A1-B24F-22E7BFFBFAFB}.Debug|x64.Build.0 = Debug|x64
		{D5AF1E0D-A6D0-42A1-B24F-22E7BFFBFAFB}.Debug|x86.ActiveCfg = Debug|Win32
		{D5AF1E0D-A6D0-42A1-B24F-22E7BFFBFAFB}.Debug|x86.Build.0 = Debug|Win32
		{D5AF1E0D-A6D0-42A1-B24F-22E7BFFBFAFB}.Release|x64.ActiveCfg = Release|x64
		{D5AF1E0D-A6D0-42A1-B24F-22E7BFFBFAFB}.Release|x64.Build.0 = Release|x64
		{D5AF1E0D-A6D0-42A1-B24F-22E7BFFBFAFB}.Release|x86.ActiveCfg = Release|Win32
		{D5AF1E0D-A6D0-42A1-B24F-22E7BFFBFAFB}.Release|x86.Build.0 = Release|Win32
		{BDC41858-7A59-47F9-9534-AA8B186E2B3A}.Debug|x64.ActiveCfg = Debug|x64
		{BDC41858-7A59-47F9-9534-AA8B186E2B3A}.Debug|x64.Build.0 = Debug|x64
		{BDC41858-7A59-47F9-9534-AA8B186E2B3A}.Debug|x86.ActiveCfg = Debug|Win32
		{BDC41858-7A59-47F9-9534-AA8B186E2B3A}.Debug|x86.Build.0 = Debug|Win32
		{BDC41858-7A59-47F9-9534-AA8B186E2B3A}.Release|x64.ActiveCfg = Release|x64
		{BDC41858-7A59-47F9-9534-AA8B186E2B3A}.Release|x64.Build.0 = Release|x64
		{BDC41858-7A59-47F9-9534-AA8B186E2B3A}.Release|x86.ActiveCfg = Release|Win32
		{BDC41858-7A59-47F9-9534-AA8B186E2B3A}.Release|x86.Build.0 = Release|Win32
		{B7CD73FB-D665-4387-9CEF-5D267F6490CA}.Debug|x64.ActiveCfg = Debug|x64
		{B7CD73FB-D665-4387-9CEF-5D267F6490CA}.Debug|x64.Build.0 = Debug|x64
		{B7CD73FB-D665-4387-9CEF-5D267F6490CA}.Debug|x86.ActiveCfg = Debug|Win32
		{B7CD73FB-D665-4387-9CEF-5D267F6490CA}.Debug|x86.Build.0 = Debug|Win32
		{B7CD73FB-D665-4387-9CEF-5D267F6490CA}.Release|x64.ActiveCfg = Release|x64
		{B7CD73FB-D665-4387-9CEF-5D267F6490CA}.Release|x64.Build.0 = Release|x64
		{B7CD73FB-D665-4387-9CEF-5D267F6490CA}.Release|x86.ActiveCfg = Release|Win32
		{B7CD73FB-D665-4387-9CEF-5D267F6490CA}.Release|x86.Build.0 = Release|Win32
		{366AF13D-5892-46CE-8D05-1973ADDDD90E}.Debug|x64.ActiveCfg = Debug|x64
		{366AF13D-5892-46CE-8D05-1973ADDDD90E}.Debug|x64.Build.0 = Debug|x64
		{366AF13D-5892-46CE-8D05-1973ADDDD90E}.Debug|x86.ActiveCfg = Debug|Win32
		{366AF13D-5892-46CE-8D05-1973ADDDD90E}.Debug|x86.Build.0 = Debug|Win32
		{366AF13D-5892-46CE-8D05-1973ADDDD90E}.Release|x64.ActiveCfg = Release|x64
		{366AF13D-5892-46CE-8D05-1973ADDDD90E}.Release|x64.Build.0 = Release|x64
		{366AF13D-5892-46CE-8D05-1973ADDDD90E}.Release|x86.ActiveCfg = Release|Win32
		{366AF13D-5892-46CE-8D05-1973ADDDD90E}.Release|x86.Build.0 = Release|Win32
		{51B0B0D0-24C1-499C-A7D9-D80C76F54A86}.Debug|x64.ActiveCfg = Debug|x64
		{51B0B0D0-24C1-499C-A7D9-D80C76F54A86}.Debug|x64.Build.0 = Debug|x64
		{51B0B0D0-24C1-499C-A7D9-D80C76F54A86}.Debug|x86.ActiveCfg = Debug|Win32
		{51B0B0D0-24C1-499C-A7D9-D80C76F54A86}.Debug|x86.Build.0 = Debug|Win32
		{51B0B0D0-24C1-499C-A7D9-D80C76F54A86}.Release|x64.ActiveCfg = Release|x64
		{51B0B0D0-24C1-499C-A7D9-D80C76F54A86}.Release|x64.Build.0 = Release|x64
		{51B0B0D0-24C1-499C-A7D9-D80C76F54A86}.Release|x86.ActiveCfg = Release|Win32
		{51B0B0D0-24C1-499C-A7D9-D80C76F54A86}.Release|x86.Build.0 = Release|Win32
		{2ECD74E1-601A-4110-8B82-9A0E789C53D0}.Debug|x64.ActiveCfg = Debug|x64
		{2ECD74E1-601A-4110-8B82-9A0E789C53D0}.Debug|x64.Build.0 = Debug|x64
		{2ECD74E1-601A-4110-8B82-9A0E789C53D0}.Debug|x86.ActiveCfg = Debug|Win32
		{2ECD74E1-601A-4110-8B82-9A0E789C53D0}.Debug|x86.Build.0 = Debug|Win32
		{2ECD74E1-601A-4110-8B82-9A0E789C53D0}.Release|x64.ActiveCfg = Release|x64
		{2ECD74E1-601A-4110-8B82-9A0E789C53D0}.Release|x64.Build.0 = Release|x64
		{2ECD74E1-601A-4110-8B82-9A0E789C53D0}.Release|x86.ActiveCfg = Release|Win32
		{2ECD74E1-601A-4110-8B82-9A0E789C53D0}.Release|x86.Build.0 = Release|Win32
		{B05F55B1-5094-4E64-ACB7-83CF5FAEAB7F}.Debug|x64.ActiveCfg = Debug|x64
		{B05F55B1-5094-4E64-ACB7-83CF5FAEAB7F}.Debug|x64.Build.0 = Debug|x64
		{B05F55B1-5094-4E64-ACB7-83CF5FAEAB7F}.Debug|x86.ActiveCfg = Debug|Win32
		{B05F55B1-5094-4E64-ACB7-83CF5FAEAB7F}.Debug|x86.Build.0 = Debug|Win32
		{B05F55B1-5094-4E64-ACB7-83CF5FAEAB7F}.Release|x64.ActiveCfg = Release|x64
		{B05F55B1-5094-4E64-ACB7-83CF5FAEAB7F}.Release|x64.Build.0 = Release|x64
		{B05F55B1-5094-4E64-ACB7-83CF5FAEAB7F}.Release|x86.ActiveCfg = Release|Win32
		{B05F55B1-5094-4E64-ACB7-83CF5FAEAB7F}.Release|x86.Build.0 = Release|Win32
		{F5618EF8-8810-4C81-812B-620ABF324FBB}.Debug|x64.ActiveCfg = Debug|x64
		{F5618EF8-8810-4C81-812B-620ABF324FBB}.Debug|x64.Build.0 = Debug|x64
		{F5618EF8-8810-4C81-812B-620ABF324FBB}.Debug|x86.ActiveCfg = Debug|Win32
		{F5618EF8-8810-4C81-812B-620ABF324FBB}.Debug|x86.Build.0 = Debug|Win32
		{F5618EF8-8810-4C81-812B-620ABF324FBB}.Release|x64.ActiveCfg = Release|x64
		{F5618EF8-8810-4C81-812B-620ABF324FBB}.Release|x64.Build.0 = Release|x64
		{F5618EF8-8810-4C81-812B-620ABF324FBB}.Release|x86.ActiveCfg = Release|Win32
		{F5618EF8-8810-4C81-812B-620ABF324FBB}.Release|x86.Build.0 = Release|Win32
		{A505F298-72A7-452F-9313-1373C9FC92DB}.Debug|x64.ActiveCfg = Debug|x64
		{A505F298-72A7-452F-9313-1373C9FC92DB}.Debug|x64.Build.0 = Debug|x64
		{A505F298-72A7-452F-9313-1373C9FC92DB}.Debug|x86.ActiveCfg = Debug|Win32
		{A505F298-72A7-452F-9313-1373C9FC92DB}.Debug|x86.Build.0 = Debug|Win32
		{A505F298-72A7-452F-9313-1373C9FC92DB}.Release|x64.ActiveCfg = Release|x64
		{A505F298-72A7-452F-9313-1373C9FC92DB}.Release|x64.Build.0 = Release|x64
		{A505F298-72A7-452F-9313-1373C9FC92DB}.Release|x86.ActiveCfg = Release|Win32
		{A505F298-72A7-452F-9313-1373C9FC92DB}.Release|x86.Build.0 = Release|Win32
		{ACD9935B-DB3A-487A-B727-63440B95BF07}.Debug|x64.ActiveCfg = Debug|x64
		{ACD9935B-DB3A-487A-B727-63440B95BF07}.Debug|x64.Build.0 = Debug|x64
		{ACD9935B-DB3A-487A-B727-63440B95BF07}.Debug|x86.ActiveCfg = Debug|Win32
		{ACD9935B-DB3A-487A-B727-63440B95BF07}.Debug|x86.Build.0 = Debug|Win32
		{ACD9935B-DB3A-487A-B727-63440B95BF07}.Release|x64.ActiveCfg = Release|x64
		{ACD9935B-DB3A-487A-B727-63440B95BF07}.Release|x64.Build.0 = Release|x64
		{ACD9935B-DB3A-487A-B727-63440B95BF07}.Release|x86.ActiveCfg = Release|Win32
		{ACD9935B-DB3A-487A-B727-63440B95BF07}.Release|x86.Build.0 = Release|Win32
		{44FAD878-0B21-4E3F-A9A0-A8338596E1EB}.Debug|x64.ActiveCfg = Debug|x64
		{44FAD878-0B21-4E3F-A9A0-A8338596E1EB}.Debug|x64.Build.0 = Debug|x64
		{44FAD878-0B21-4E3F-A9A0-A8338596E1EB}.Debug|x86.ActiveCfg = Debug|Win32
		{44FAD878-0B21-4E3F-A9A0-A8338596E1EB}.Debug|x86.Build.0 = Debug|Win32
		{44FAD878-0B21-4E3F-A9A0-A8338596E1EB}.Release|x64.ActiveCfg = Release|x64
		{44FAD878-0B21-4E3F-A9A0-A8338596E1EB}.Release|x64.Build.0 = Release|x64
		{44FAD878-0B21-4E3F-A9A0-A8338596E1EB}.Release|x86.ActiveCfg = Release|Win32
		{44FAD878-0B21-4E3F-A9A0-A8338596E1EB}.Release|x86.Build.0 = Release|Win32
		{6181E1F8-858D-48D2-8FB2-56E7F05D0F63}.Debug|x64.ActiveCfg = Debug|x64
		{6181E1F8-858D-48D2-8FB2-56E7F05D0F63}.Debug|x64.Build.0 = Debug|x64
		{6181E1F8-858D-48D2-8FB2-56E7F05D0F63}.Debug|x86.ActiveCfg = Debug|Win32
		{6181E1F8-858D-48D2-8FB2-56E7F05D0F63}.Debug|x86.Build.0 = Debug|Win32
		{6181E1F8-858D-48D2-8FB2-56E7F05D0F63}.Release|x64.ActiveCfg = Release|x64
		{6181E1F8-858D-48D2-8FB2-56E7F05D0F63}.Release|x64.Build.0 = Release|x64
		{6181E1F8-858D-48D2-8FB2-56E7F05D0F63}.Release|x86.ActiveCfg = Release|Win32
		{6181E1F8-858D-48D2-8FB2-56E7F05D0F63}.Release|x86.Build.0 = Release|Win32
		{338672E4-6E99-4FE9-98F4-3EDE343E6B77}.Debug|x64.ActiveCfg = Debug|x64
		{338672E4-6E99-4FE9-98F4-3EDE343E6B77}.Debug|x64.Build.0 = Debug|x64
		{338672E4-6E99-4FE9-98F4-3EDE343E6B77}.Debug|x86.ActiveCfg = Debug|Win32
		{338672E4-6E99-4FE9-98F4-3EDE343E6B77}.Debug|x86.Build.0 = Debug|Win32
		{338672E4-6E99-4FE9-98F4-3EDE343E6B77}.Release|x64.ActiveCfg = Release|x64
		{338672E4-6E99-4FE9-98F4-3EDE343E6B77}.Release|x64.Build.0 = Release|x64
		{338672E4-6E99-4FE9-98F4-3EDE343E6B77}.Release|x86.ActiveCfg = Release|Win32
		{338672E4-6E99-4FE9-98F4-3EDE343E6B77}.Release|x86.Build.0 = Release|Win32
		{8866C31D-958A-44E8-887C-41CFDAFF81D2}.Debug|x64.ActiveCfg = Debug|x64
		{8866C31D-958A-44E8-887C-41CFDAFF81D2}.Debug|x64.Build.0 = Debug|x64
		{8866C31D-958A-44E8-887C-41CFDAFF81D2}.Debug|x86.ActiveCfg = Debug|Win32
		{8866C31D-958A-44E8-887C-41CFDAFF81D2}.Debug|x86.Build.0 = Debug|Win32
		{8866C31D-958A-44E8-887C-41CFDAFF81D2}.Release|x64.ActiveCfg = Release|x64
		{8866C31D-958A-44E8-887C-41CFDAFF81D2}.Release|x64.Build.0 = Release|x64
		{8866C31D-958A-44E8-887C-41CFDAFF81D2}.Release|x86.ActiveCfg = Release|Win32
		{8866C31D-958A-44E8-887C-41CFDAFF81D2}.Release|x86.Build.0 = Release|Win32
		{A44DF3EE-28E1-47E1-AFAC-480430D17B4F}.Debug|x64.ActiveCfg = Debug|x64
		{A44DF3EE-28E1-47E1-AFAC-480430D17B4F}.Debug|x64.Build.0 = Debug|x64
		{A44DF3EE-28E1-47E1-AFAC-480430D17B4F}.Debug|x86.ActiveCfg = Debug|Win32
		{A44DF3EE-28E1-47E1-AFAC-480430D17B4F}.Debug|x86.Build.0 = Debug|Win32
		{A44DF3EE-28E1-47E1-AFAC-480430D17B4F}.Release|x64.ActiveCfg = Release|x64
		{A44DF3EE-28E1-47E1-AFAC-480430D17B4F}.Release|x64.Build.0 = Release|x64
		{A44DF3EE-28E1-47E1-AFAC-480430D17B4F}.Release|x86.ActiveCfg = Release|Win32
		{A44DF3EE-28E1-47E1-AFAC-480430D17B4F}.Release|x86.Build.0 = Release|Win32
		{890B4F4F-0E79-4CBC-A106-DB89AFF4CD08}.Debug|x64.ActiveCfg = Debug|x64
		{890B4F4F-0E79-4CBC-A106-DB89AFF4CD08}.Debug|x64.Build.0 = Debug|x64
		{890B4F4F-0E79-4CBC-A106-DB89AFF4CD08}.Debug|x86.ActiveCfg = Debug|Win32
		{890B4F4F-0E79-4CBC-A106-DB89AFF4CD08}.Debug|x86.Build.0 = Debug|Win32
		{890B4F4F-0E79-4CBC-A106-DB89AFF4CD08}.Release|x64.ActiveCfg = Release|x64
		{890B4F4F-0E79-4CBC-A106-DB89AFF4CD08}.Release|x64.Build.0 = Release|x64
		{890B4F4F-0E79-4CBC-A106-DB89AFF4CD08}.Release|x86.ActiveCfg = Release|Win32
		{890B4F4F-0E79-4CBC-A106-DB89AFF4CD08}.Release|x86.Build.0 = Release|Win32
		{4FAA1305-520D-47E8-829E-009C7796860C}.Debug|x64.ActiveCfg = Debug|x64
		{4FAA1305-520D-47E8-829E-009C7796860C}.Debug|x64.Build.0 = Debug|x64
		{4FAA1305-520D-47E8-829E-009C7796860C}.Debug|x86.ActiveCfg = Debug|Win32
		{4FAA1305-520D-47E8-829E-009C7796860C}.Debug|x86.Build.0 = Debug|Win32
		{4FAA1305-520D-47E8-829E-009C7796860C}.Release|x64.ActiveCfg = Release|x64
		{4FAA1305-520D-47E8-829E-009C7796860C}.Release|x64.Build.0 = Release|x64
		{4FAA1305-520D-47E8-829E-009C7796860C}.Release|x86.ActiveCfg = Release|Win32
		{4FAA1305-520D-47E8-829E-009C7796860C}.Release|x86.Build.0 = Release|Win32
		{7ECDE33B-7136-4A65-9125-944AA61C95FB}.Debug|x64.ActiveCfg = Debug|x64
		{7ECDE33B-7136-4A65-9125-944AA61C95FB}.Debug|x64.Build.0 = Debug|x64
		{7ECDE33B-7136-4A65-9125-944AA61C95FB}.Debug|x86.ActiveCfg = Debug|Win32
		{7ECDE33B-7136-4A65-9125-944AA61C95FB}.Debug|x86.Build.0 = Debug|Win32
		{7ECDE33B-7136-4A65-9125-944AA61C95FB}.Release|x64.ActiveCfg = Release|x64
		{7ECDE33B-7136-4A65-9125-944AA61C95FB}.Release|x64.Build.0 = Release|x64
		{7ECDE33B-7136-4A65-9125-944AA61C95FB}.Release|x86.ActiveCfg = Release|Win32
		{7ECDE33B-7136-4A65-9125-944AA61C95FB}.Release|x86.Build.0 = Release|Win32
		{CFB6E114-BC44-44CE-AC5A-EAA62F74BF0C}.Debug|x64.ActiveCfg = Debug|x64
		{CFB6E114-BC44-44CE-AC5A-EAA62F74BF0C}.Debug|x64.Build.0 = Debug|x64
		{CFB6E114-BC44-44CE-AC5A-EAA62F74BF0C}.Debug|x86.ActiveCfg = Debug|Win32
		{CFB6E114-BC44-44CE-AC5A-EAA62F74BF0C}.Debug|x86.Build.0 = Debug|Win32
		{CFB6E114-BC44-44CE-AC5A-EAA62F74BF0C}.Release|x64.ActiveCfg = Release|x64
		{CFB6E114-BC44-44CE-AC5A-EAA62F74BF0C}.Release|x64.Build.0 = Release|x64
		{CFB6E114-BC44-44CE-AC5A-EAA62F74BF0C}.Release|x86.ActiveCfg = Release|Win32
		{CFB6E114-BC44-44CE-AC5A-EAA62F74BF0C}.Release|x86.Build.0 = Release|Win32
		{CBD7BFD7-EA0B-4A8D-94B9-E3E2FE80E41A}.Debug|x64.ActiveCfg = Debug|x64
		{CBD7BFD7-EA0B-4A8D-94B9-E3E2FE80E41A}.Debug|x64.Build.0 = Debug|x64
		{CBD7BFD7-EA0B-4A8D-94B9-E3E2FE80E41A}.Debug|x86.ActiveCfg = Debug|Win32
		{CBD7BFD7-EA0B-4A8D-94B9-E3E2FE80E41A}.Debug|x86.Build.0 = Debug|Win32
		{CBD7BFD7-EA0B-4A8D-94B9-E3E2FE80E41A}.Release|x64.ActiveCfg = Release|x64
		{CBD7BFD7-EA0B-4A8D-94B9-E3E2FE80E41A}.Release|x64.Build.0 = Release|x64
		{CBD7BFD7-EA0B-4A8D-94B9-E3E2FE80E41A}.Release|x86.ActiveCfg = Release|Win32
		{CBD7BFD7-EA0B-4A8D-94B9-E3E2FE80E41A}.Release|x86.Build.0 = Release|Win32
		{03717129-32B0-4B29-9108-0B623FCB6D6E}.Debug|x64.ActiveCfg = Debug|x64
		{03717129-32B0-4B29-9108-0B623FCB6D6E}.Debug|x64.Build.0 = Debug|x64
		{03717129-32B0-4B29-9108-0B623FCB6D6E}.Debug|x86.ActiveCfg = Debug|Win32
		{03717129-32B0-4B29-9108-0B623FCB6D6E}.Debug|x86.Build.0 = Debug|Win32
		{03717129-32B0-4B29-9108-0B623FCB6D6E}.Release|x64.ActiveCfg = Release|x64
		{03717129-32B0-4B29-9108-0B623FCB6D6E}.Release|x64.Build.0 = Release|x64
		{03717129-32B0-4B29-9108-0B623FCB6D6E}.Release|x86.ActiveCfg = Release|Win32
		{03717129-32B0-4B29-9108-0B623FCB6D6E}.Release|x86.Build.0 = Release|Win32
		{7D9E7A13-2E98-49CD-8BF9-EA4450A61CE8}.Debug|x64.ActiveCfg = Debug|x64
		{7D9E7A13-2E98-49CD-8BF9-EA4450A61CE8}.Debug|x64.Build.0 = Debug|x64
		{7D9E7A13-2E98-49CD-8BF9-EA4450A61CE8}.Debug|x86.ActiveCfg = Debug|Win32
		{7D9E7A13-2E98-49CD-8BF9-EA4450A61CE8}.Debug|x86.Build.0 = Debug|Win32
		{7D9E7A13-2E98-49CD-8BF9-EA4450A61CE8}.Release|x64.ActiveCfg = Release|x64
		{7D9E7A13-2E98-49CD-8BF9-EA4450A61CE8}.Release|x64.Build.0 = Release|x64
		{7D9E7A13-2E98-49CD-8BF9-EA4450A61CE8}.Release|x86.ActiveCfg = Release|Win32
		{7D9E7A13-2E98-49CD-8BF9-EA4450A61CE8}.Release|x86.Build.0 = Release|Win32
		{031BCA62-616A-4627-8EC4-CF9961334626}.Debug|x64.ActiveCfg = Debug|x64
		{031BCA62-616A-4627-8EC4-CF9961334626}.Debug|x64.Build.0 = Debug|x64
		{031BCA62-616A-4627-8EC4-CF9961334626}.Debug|x86.ActiveCfg = Debug|Win32
		{031BCA62-616A-4627-8EC4-CF9961334626}.Debug|x86.Build.0 = Debug|Win32
		{031BCA62-616A-4627-8EC4-CF9961334626}.Release|x64.ActiveCfg = Release|x64
		{031BCA62-616A-4627-8EC4-CF9961334626}.Release|x64.Build.0 = Release|x64
		{031BCA62-616A-4627-8EC4-CF9961334626}.Release|x86.ActiveCfg = Release|Win32
		{031BCA62-616A-4627-8EC4-CF9961334626}.Release|x86.Build.0 = Release|Win32
		{8EFAF136-4E2F-4BDD-AC47-788B509B37B8}.Debug|x64.ActiveCfg = Debug|x64
		{8EFAF136-4E2F-4BDD-AC47-788B509B37B8}.Debug|x64.Build.0 = Debug|x64
		{8EFAF136-4E2F-4BDD-AC47-788B509B37B8}.Debug|x86.ActiveCfg = Debug|Win32
		{8EFAF136-4E2F-4BDD-AC47-788B509B37B8}.Debug|x86.Build.0 = Debug|Win32
		{8EFAF136-4E2F-4BDD-AC47-788B509B37B8}.Release|x64.ActiveCfg = Release|x64
		{8EFAF136-4E2F-4BDD-AC47-788B509B37B8}.Release|x64.Build.0 = Release|x64
		{8EFAF136-4E2F-4BDD-AC47-788B509B37B8}.Release|x86.ActiveCfg = Release|Win32
		{8EFAF136-4E2F-4BDD-AC47-788B509B37B8}.Release|x86.Build.0 = Release|Win32
		{802AE4F5-BCC3-41D6-AC9C-2C3168FFD943}.Debug|x64.ActiveCfg = Debug|x64
		{802AE4F5-BCC3-41D6-AC9C-2C3168FFD943}.Debug|x64.Build.0 = Debug|x64
		{802AE4F5-BCC3-41D6-AC9C-2C3168FFD943}.Debug|x86.ActiveCfg = Debug|Win32
		{802AE4F5-BCC3-41D6-AC9C-2C3168FFD943}.Debug|x86.Build.0 = Debug|Win32
		{802AE4F5-BCC3-41D6-AC9C-2C3168FFD943}.Release|x64.ActiveCfg = Release|x64
		{802AE4F5-BCC3-41D6-AC9C-2C3168FFD943}.Release|x64.Build.0 = Release|x64
		{802AE4F5-BCC3-41D6-AC9C-2C3168FFD943}.Release|x86.ActiveCfg = Release|Win32
		{802AE4F5-BCC3-41D6-AC9C-2C3168FFD943}.Release|x86.Build.0 = Release|Win32
		{28DE0C29-4D94-4439-9197-6C79FBAD4569}.Debug|x64.ActiveCfg = Debug|x64
		{28DE0C29-4D94-4439-9197-6C79FBAD4569}.Debug|x64.Build.0 = Debug|x64
		{28DE0C29-4D94-4439-9197-6C79FBAD4569}.Debug|x86.ActiveCfg = Debug|Win32
		{28DE0C29-4D94-4439-9197-6C79FBAD4569}.Debug|x86.Build.0 = Debug|Win32
		{28DE0C29-4D94-4439-9197-6C79FBAD4569}.Release|x64.ActiveCfg = Release|x64
		{28DE0C29-4D94-4439-9197-6C79FBAD4569}.Release|x64.Build.0 = Release|x64
		{28DE0C29-4D94-4439-9197-6C79FBAD4569}.Release|x86.ActiveCfg = Release|Win32
		{28DE0C29-4D94-4439-9197-6C79FBAD4569}.Release|x86.Build.0 = Release|Win32
	EndGlobalSection
	GlobalSection(SolutionProperties) = preSolution
		HideSolutionNode = FALSE
	EndGlobalSection
	GlobalSection(ExtensibilityGlobals) = postSolution
		SolutionGuid = {A2732E68-0D60-4CFC-B79A-69333F35F5A3}
	EndGlobalSection
EndGlobal
